hash: af18bafc903c7b28cbf384ea1044155814ddcf5d0d8795641c5cfbbc18fd7013
updated: 2018-08-22T23:07:53.101634+05:30
imports:
- name: github.com/bartekn/go-bip39
  version: a05967ea095d81c8fe4833776774cfaff8e5036c
- name: github.com/beorn7/perks
  version: 3a771d992973f24aa725d07868b467d1ddfceafb
  subpackages:
  - quantile
- name: github.com/bgentry/speakeasy
  version: 4aabc24848ce5fd31929f7d1e4ea74d3709c14cd
- name: github.com/brejski/hid
  version: 06112dcfcc50a7e0e4fd06e17f9791e788fdaafc
- name: github.com/btcsuite/btcd
  version: f899737d7f2764dc13e4d01ff00108ec58f766a9
  subpackages:
  - btcec
- name: github.com/btcsuite/btcutil
  version: ab6388e0c60ae4834a1f57511e20c17b5f78be4b
  subpackages:
  - bech32
- name: github.com/cosmos/cosmos-sdk
  version: 2c6ed0fefc499410a7734ac93005f32a99b47b5b
  subpackages:
  - baseapp
  - client
  - client/context
  - client/keys
  - client/lcd
  - client/rpc
  - client/tx
  - client/utils
  - cmd/gaia/app
  - crypto
  - crypto/keys
  - crypto/keys/bcrypt
  - crypto/keys/bip39
  - crypto/keys/hd
  - examples/basecoin/app
  - examples/basecoin/types
  - server
  - server/config
  - store
  - tests
  - types
  - version
  - wire
  - x/auth
  - x/auth/client/cli
  - x/auth/client/context
  - x/auth/client/rest
  - x/bank
  - x/bank/client
  - x/bank/client/cli
  - x/bank/client/rest
  - x/gov
  - x/gov/client/rest
  - x/gov/tags
  - x/ibc
  - x/ibc/client/cli
  - x/ibc/client/rest
  - x/mock
  - x/params
  - x/slashing
  - x/slashing/client/rest
  - x/stake
  - x/stake/client/cli
  - x/stake/client/rest
  - x/stake/keeper
  - x/stake/tags
  - x/stake/types
- name: github.com/davecgh/go-spew
  version: 8991bc29aa16c548c550c7ff78260e27b9ab7c73
  subpackages:
  - spew
- name: github.com/ebuchman/fail-test
  version: 95f809107225be108efcf10a3509e4ea6ceef3c4
- name: github.com/fsnotify/fsnotify
  version: c2828203cd70a50dcccfb2761f8b1f8ceef9a8e9
- name: github.com/go-kit/kit
  version: 9bf23341289dc5ecc1c4bb9dbad72265fbdfdd94
  subpackages:
  - log
  - log/level
  - log/term
  - metrics
  - metrics/discard
  - metrics/internal/lv
  - metrics/prometheus
- name: github.com/go-logfmt/logfmt
  version: 390ab7935ee28ec6b286364bba9b4dd6410cb3d5
- name: github.com/go-stack/stack
  version: 259ab82a6cad3992b4e21ff5cac294ccb06474bc
- name: github.com/gogo/protobuf
  version: 98f6aa8b3bcf03e45b1a8b48257c754766d5c3c8
  subpackages:
  - gogoproto
  - jsonpb
  - proto
  - protoc-gen-gogo/descriptor
  - sortkeys
  - types
- name: github.com/golang/protobuf
  version: b27b920f9e71b439b873b17bf99f56467623814a
  subpackages:
  - proto
  - ptypes
  - ptypes/any
  - ptypes/duration
  - ptypes/timestamp
- name: github.com/golang/snappy
  version: 2e65f85255dbc3072edf28d6b5b8efc472979f5a
- name: github.com/gorilla/context
  version: 08b5f424b9271eedf6f9f0ce86cb9396ed337a42
- name: github.com/gorilla/mux
  version: e48e440e4c92e3251d812f8ce7858944dfa3331c
- name: github.com/gorilla/websocket
  version: 3ff3320c2a1756a3691521efc290b4701575147c
- name: github.com/hashicorp/hcl
  version: ef8a98b0bbce4a65b5aa4c368430a80ddc533168
  subpackages:
  - hcl/ast
  - hcl/parser
  - hcl/printer
  - hcl/scanner
  - hcl/strconv
  - hcl/token
  - json/parser
  - json/scanner
  - json/token
- name: github.com/inconshreveable/mousetrap
  version: 76626ae9c91c4f2a10f34cad8ce83ea42c93bb75
- name: github.com/jmhodges/levigo
  version: c42d9e0ca023e2198120196f842701bb4c55d7b9
- name: github.com/kr/logfmt
  version: b84e30acd515aadc4b783ad4ff83aff3299bdfe0
- name: github.com/magiconair/properties
  version: c2353362d570a7bfa228149c62842019201cfb71
- name: github.com/mattn/go-isatty
  version: 6ca4dbf54d38eea1a992b3c722a76a5d1c4cb25c
- name: github.com/matttproud/golang_protobuf_extensions
  version: c12348ce28de40eed0136aa2b644d0ee0650e56c
  subpackages:
  - pbutil
- name: github.com/mitchellh/mapstructure
  version: f15292f7a699fcc1a38a80977f80a046874ba8ac
- name: github.com/pelletier/go-toml
  version: c2dbbc24a97911339e01bda0b8cabdbd8f13b602
- name: github.com/pkg/errors
  version: 645ef00459ed84a119197bfb8d8205042c6df63d
- name: github.com/pmezard/go-difflib
  version: 792786c7400a136282c1664665ae0a8db921c6c2
  subpackages:
  - difflib
- name: github.com/prometheus/client_golang
  version: 29e6500a95d6ab373cae935d8615527ca38be74f
  subpackages:
  - prometheus
  - prometheus/promhttp
- name: github.com/prometheus/client_model
  version: 5c3871d89910bfb32f5fcab2aa4b9ec68e65a99f
  subpackages:
  - go
- name: github.com/prometheus/common
  version: c7de2306084e37d54b8be01f3541a8464345e9a5
  subpackages:
  - expfmt
  - internal/bitbucket.org/ww/goautoneg
  - model
- name: github.com/prometheus/procfs
  version: 05ee40e3a273f7245e8777337fc7b46e533a9a92
  subpackages:
  - internal/util
  - nfs
  - xfs
- name: github.com/rcrowley/go-metrics
  version: e2704e165165ec55d062f5919b4b29494e9fa790
- name: github.com/spf13/afero
  version: 787d034dfe70e44075ccc060d346146ef53270ad
  subpackages:
  - mem
- name: github.com/spf13/cast
  version: 8965335b8c7107321228e3e3702cab9832751bac
- name: github.com/spf13/cobra
  version: ef82de70bb3f60c65fb8eebacbb2d122ef517385
- name: github.com/spf13/jwalterweatherman
  version: 14d3d4c518341bea657dd8a226f5121c0ff8c9f2
- name: github.com/spf13/pflag
  version: d929dcbb10863323c436af3cf76cb16a6dfc9b29
- name: github.com/spf13/viper
  version: 907c19d40d9a6c9bb55f040ff4ae45271a4754b9
- name: github.com/stretchr/testify
  version: f35b8ab0b5a2cef36673838d662e249dd9c94686
  subpackages:
  - assert
  - require
- name: github.com/syndtr/goleveldb
  version: ae2bd5eed72d46b28834ec3f60db3a3ebedd8dbd
  subpackages:
  - leveldb
  - leveldb/cache
  - leveldb/comparer
  - leveldb/errors
  - leveldb/filter
  - leveldb/iterator
  - leveldb/journal
  - leveldb/memdb
  - leveldb/opt
  - leveldb/storage
  - leveldb/table
  - leveldb/util
- name: github.com/tendermint/ed25519
  version: d8387025d2b9d158cf4efb07e7ebf814bcce2057
  subpackages:
  - edwards25519
  - extra25519
- name: github.com/tendermint/go-amino
  version: 8e8cd7628209a4fe2f5607c2b7eb9f9c7035141a
- name: github.com/tendermint/iavl
  version: e5726c0066ccdd299a2ec9262f93c7896cdfcd87
- name: github.com/tendermint/tendermint
  version: 013b9cef642f875634c614019ab13b17570778ad
  subpackages:
  - abci/client
  - abci/example/code
  - abci/example/kvstore
  - abci/server
  - abci/types
  - blockchain
  - cmd/tendermint/commands
  - config
  - consensus
  - consensus/types
  - crypto
  - crypto/armor
  - crypto/ed25519
  - crypto/encoding/amino
  - crypto/merkle
  - crypto/secp256k1
  - crypto/tmhash
  - crypto/xsalsa20symmetric
  - evidence
  - libs/autofile
  - libs/bech32
  - libs/cli
  - libs/cli/flags
  - libs/clist
  - libs/common
  - libs/db
  - libs/events
  - libs/flowrate
  - libs/log
  - libs/pubsub
  - libs/pubsub/query
  - lite
  - lite/client
  - lite/errors
  - lite/files
  - lite/proxy
  - mempool
  - node
  - p2p
  - p2p/conn
  - p2p/pex
  - p2p/upnp
  - privval
  - proxy
  - rpc/client
  - rpc/core
  - rpc/core/types
  - rpc/grpc
  - rpc/lib
  - rpc/lib/client
  - rpc/lib/server
  - rpc/lib/types
  - state
  - state/txindex
  - state/txindex/kv
  - state/txindex/null
  - types
  - version
- name: github.com/zondax/ledger-goclient
  version: 4296ee5701e945f9b3a7dbe51f402e0b9be57259
- name: golang.org/x/crypto
  version: 614d502a4dac94afa3a6ce146bd1736da82514c6
  subpackages:
  - blowfish
  - chacha20poly1305
  - curve25519
  - hkdf
  - internal/chacha20
  - internal/subtle
  - nacl/box
  - nacl/secretbox
  - openpgp/armor
  - openpgp/errors
  - pbkdf2
  - poly1305
  - ripemd160
  - salsa20/salsa
- name: golang.org/x/net
  version: 922f4815f713f213882e8ef45e0d315b164d705c
  subpackages:
  - context
  - http/httpguts
  - http2
  - http2/hpack
  - idna
  - internal/timeseries
  - netutil
  - trace
- name: golang.org/x/sys
  version: 3b58ed4ad3395d483fc92d5d14123ce2c3581fec
  subpackages:
  - cpu
  - unix
- name: golang.org/x/text
  version: 6e3c4e7365ddcc329f090f96e4348398f6310088
  subpackages:
  - secure/bidirule
  - transform
  - unicode/bidi
  - unicode/norm
- name: google.golang.org/genproto
  version: c66870c02cf823ceb633bcd05be3c7cda29976f4
  subpackages:
  - googleapis/rpc/status
- name: google.golang.org/grpc
  version: e00d24941bcee35dd163f4377d5371349f14baaf
  subpackages:
  - balancer
  - balancer/base
  - balancer/roundrobin
  - codes
  - connectivity
  - credentials
  - encoding
  - encoding/proto
  - grpclog
  - internal
  - internal/backoff
  - internal/channelz
  - internal/envconfig
  - internal/grpcrand
  - internal/transport
  - keepalive
  - metadata
  - naming
  - peer
  - resolver
  - resolver/dns
  - resolver/passthrough
  - stats
  - status
  - tap
- name: gopkg.in/yaml.v2
  version: 5420a8b6744d3b0345ab293f6fcba19c978f1183
testImports: []
