hash: d38c0602898ea74e1cb07f5b53b91497e3187a5fe76454cd085ecae76ffd0be7
updated: 2018-09-04T12:51:24.31646+05:30
imports:
- name: github.com/btcsuite/btcd
  version: cff30e1d23fc9e800b2b5b4b41ef1817dda07e9f
  subpackages:
  - btcec
- name: github.com/cosmos/cosmos-sdk
  version: 1c38c70468ec721e3a555ba2f3bf5f9da31f0cc9
  subpackages:
  - baseapp
  - client
  - client/keys
  - client/lcd
  - client/rpc
  - client/tx
  - examples/basecoin/app
  - examples/basecoin/types
  - server
  - types
  - version
  - wire
  - x/auth
  - x/auth/client/cli
  - x/bank
  - x/bank/client/cli
  - x/ibc
  - x/ibc/client/cli
  - x/stake/client/cli
- name: github.com/deckarep/golang-set
  version: cbaa98ba5575e67703b32b4b19f73c91f3c4159e
- name: github.com/ethereum/go-ethereum
  version: 6a33954731658667056466bf7573ed1c397f4750
  subpackages:
  - common
  - common/hexutil
  - common/math
  - common/prque
  - core/types
  - crypto
  - crypto/secp256k1
  - crypto/sha3
  - ethclient
  - ethdb
  - log
  - metrics
  - p2p/netutil
  - params
  - rlp
  - rpc
  - trie
- name: github.com/go-stack/stack
  version: 2fee6af1a9795aafbe0253a0cfbdf668e1fb8a9a
- name: github.com/golang/snappy
  version: 2e65f85255dbc3072edf28d6b5b8efc472979f5a
- name: github.com/gorilla/mux
  version: 9e1f5955c0d22b55d9e20d6faa28589f83b2faca
- name: github.com/pmezard/go-difflib
  version: 792786c7400a136282c1664665ae0a8db921c6c2
  subpackages:
  - difflib
- name: github.com/rs/cors
  version: dc7332ab32be5dfec05dae2a6ab79cbfa53b6407
- name: github.com/spf13/cobra
  version: ef82de70bb3f60c65fb8eebacbb2d122ef517385
- name: github.com/spf13/viper
  version: 907c19d40d9a6c9bb55f040ff4ae45271a4754b9
- name: github.com/syndtr/goleveldb
  version: ae2bd5eed72d46b28834ec3f60db3a3ebedd8dbd
  subpackages:
  - leveldb
  - leveldb/cache
  - leveldb/comparer
  - leveldb/errors
  - leveldb/filter
  - leveldb/iterator
  - leveldb/journal
  - leveldb/memdb
  - leveldb/opt
  - leveldb/storage
  - leveldb/table
  - leveldb/util
- name: github.com/tendermint/iavl
  version: 35f66e53d9b01e83b30de68b931f54b2477a94c9
- name: github.com/tendermint/tendermint
  version: 9e940b95ad4d27efab60d0d49278db5acb2a3b7e
  subpackages:
  - abci/types
  - libs/cli
  - libs/common
  - libs/db
  - libs/log
  - types
- name: github.com/xsleonard/go-merkle
  version: fbb7cafc5ae411e13e718172f5af7917ad6c3ed7
- name: golang.org/x/net
  version: 8a410e7b638dca158bf9e766925842f6651ff828
  subpackages:
  - websocket
- name: gopkg.in/natefinch/npipe.v2
  version: c1b8fa8bdccecb0b8db834ee0b92fdbcfa606dd6
testImports:
- name: github.com/stretchr/testify
  version: f35b8ab0b5a2cef36673838d662e249dd9c94686
  subpackages:
  - require
